
Microsoft Visual Studio Solution File, Format Version 12.00
# Visual Studio Version 17
VisualStudioVersion = 17.5.33516.290
MinimumVisualStudioVersion = 10.0.40219.1
Project("{FAE04EC0-301F-11D3-BF4B-00C04F79EFBC}") = "War Space 1", "War Space 1\War Space 1.csproj", "{E39888FC-AF79-406B-84A4-6C49AA3A975E}"
EndProject
Global
	GlobalSection(SolutionConfigurationPlatforms) = preSolution
		Debug|Any CPU = Debug|Any CPU
		Release|Any CPU = Release|Any CPU
	EndGlobalSection
	GlobalSection(ProjectConfigurationPlatforms) = postSolution
		{E39888FC-AF79-406B-84A4-6C49AA3A975E}.Debug|Any CPU.ActiveCfg = Debug|Any CPU
		{E39888FC-AF79-406B-84A4-6C49AA3A975E}.Debug|Any CPU.Build.0 = Debug|Any CPU
		{E39888FC-AF79-406B-84A4-6C49AA3A975E}.Release|Any CPU.ActiveCfg = Release|Any CPU
		{E39888FC-AF79-406B-84A4-6C49AA3A975E}.Release|Any CPU.Build.0 = Release|Any CPU
	EndGlobalSection
	GlobalSection(SolutionProperties) = preSolution
		HideSolutionNode = FALSE
	EndGlobalSection
	GlobalSection(ExtensibilityGlobals) = postSolution
		SolutionGuid = {F605A207-ADCE-4287-BC71-883FFCB28B55}
	EndGlobalSection
EndGlobal
